
Microsoft Visual Studio Solution File, Format Version 12.00
# Visual Studio Version 16
VisualStudioVersion = 16.0.30114.105
MinimumVisualStudioVersion = 10.0.40219.1
Project("{FAE04EC0-301F-11D3-BF4B-00C04F79EFBC}") = "lab2", "lab2\lab2.csproj", "{9188D38B-63E5-420B-B34E-07E6A5FCD404}"
EndProject
Project("{FAE04EC0-301F-11D3-BF4B-00C04F79EFBC}") = "lab1", "lab1\lab1.csproj", "{5D13029C-2A3C-4A81-AC95-FE7BB0466AD9}"
EndProject
Project("{FAE04EC0-301F-11D3-BF4B-00C04F79EFBC}") = "lab3", "lab3\lab3.csproj", "{D7ABAA15-74A0-4D2D-A5B3-5A33DCB472D5}"
EndProject
Project("{FAE04EC0-301F-11D3-BF4B-00C04F79EFBC}") = "lab4", "lab4\lab4.csproj", "{E7122016-CD23-4376-9CC8-A7D28FF44783}"
EndProject
Project("{FAE04EC0-301F-11D3-BF4B-00C04F79EFBC}") = "lab5", "lab5\lab5.csproj", "{CC7ED3A0-72A1-4A2D-9FE0-DF62086893C6}"
EndProject
Project("{FAE04EC0-301F-11D3-BF4B-00C04F79EFBC}") = "lab6", "lab6\lab6.csproj", "{787350A5-5602-4AD3-A9A1-6F9BDA031187}"
EndProject
Global
	GlobalSection(SolutionConfigurationPlatforms) = preSolution
		Debug|Any CPU = Debug|Any CPU
		Release|Any CPU = Release|Any CPU
	EndGlobalSection
	GlobalSection(SolutionProperties) = preSolution
		HideSolutionNode = FALSE
	EndGlobalSection
	GlobalSection(ProjectConfigurationPlatforms) = postSolution
		{9188D38B-63E5-420B-B34E-07E6A5FCD404}.Debug|Any CPU.ActiveCfg = Debug|Any CPU
		{9188D38B-63E5-420B-B34E-07E6A5FCD404}.Debug|Any CPU.Build.0 = Debug|Any CPU
		{9188D38B-63E5-420B-B34E-07E6A5FCD404}.Release|Any CPU.ActiveCfg = Release|Any CPU
		{9188D38B-63E5-420B-B34E-07E6A5FCD404}.Release|Any CPU.Build.0 = Release|Any CPU
		{5D13029C-2A3C-4A81-AC95-FE7BB0466AD9}.Debug|Any CPU.ActiveCfg = Debug|Any CPU
		{5D13029C-2A3C-4A81-AC95-FE7BB0466AD9}.Debug|Any CPU.Build.0 = Debug|Any CPU
		{5D13029C-2A3C-4A81-AC95-FE7BB0466AD9}.Release|Any CPU.ActiveCfg = Release|Any CPU
		{5D13029C-2A3C-4A81-AC95-FE7BB0466AD9}.Release|Any CPU.Build.0 = Release|Any CPU
		{D7ABAA15-74A0-4D2D-A5B3-5A33DCB472D5}.Debug|Any CPU.ActiveCfg = Debug|Any CPU
		{D7ABAA15-74A0-4D2D-A5B3-5A33DCB472D5}.Debug|Any CPU.Build.0 = Debug|Any CPU
		{D7ABAA15-74A0-4D2D-A5B3-5A33DCB472D5}.Release|Any CPU.ActiveCfg = Release|Any CPU
		{D7ABAA15-74A0-4D2D-A5B3-5A33DCB472D5}.Release|Any CPU.Build.0 = Release|Any CPU
		{E7122016-CD23-4376-9CC8-A7D28FF44783}.Debug|Any CPU.ActiveCfg = Debug|Any CPU
		{E7122016-CD23-4376-9CC8-A7D28FF44783}.Debug|Any CPU.Build.0 = Debug|Any CPU
		{E7122016-CD23-4376-9CC8-A7D28FF44783}.Release|Any CPU.ActiveCfg = Release|Any CPU
		{E7122016-CD23-4376-9CC8-A7D28FF44783}.Release|Any CPU.Build.0 = Release|Any CPU
		{CC7ED3A0-72A1-4A2D-9FE0-DF62086893C6}.Debug|Any CPU.ActiveCfg = Debug|Any CPU
		{CC7ED3A0-72A1-4A2D-9FE0-DF62086893C6}.Debug|Any CPU.Build.0 = Debug|Any CPU
		{CC7ED3A0-72A1-4A2D-9FE0-DF62086893C6}.Release|Any CPU.ActiveCfg = Release|Any CPU
		{CC7ED3A0-72A1-4A2D-9FE0-DF62086893C6}.Release|Any CPU.Build.0 = Release|Any CPU
		{787350A5-5602-4AD3-A9A1-6F9BDA031187}.Debug|Any CPU.ActiveCfg = Debug|Any CPU
		{787350A5-5602-4AD3-A9A1-6F9BDA031187}.Debug|Any CPU.Build.0 = Debug|Any CPU
		{787350A5-5602-4AD3-A9A1-6F9BDA031187}.Release|Any CPU.ActiveCfg = Release|Any CPU
		{787350A5-5602-4AD3-A9A1-6F9BDA031187}.Release|Any CPU.Build.0 = Release|Any CPU
	EndGlobalSection
EndGlobal
